{
  "originHash" : "03af4bf9af14fdd2640d7f4e0eba475c04006791b2e43cf2ae89a6f7431bfa6b",
  "pins" : [
    {
      "identity" : "fluidaudio",
      "kind" : "remoteSourceControl",
      "location" : "https://github.com/FluidInference/FluidAudio.git",
      "state" : {
        "revision" : "41540ea237350afe5117a082b5c28eda642d0612"
      }
    }
  ],
  "version" : 3
}
